
Microsoft Visual Studio Solution File, Format Version 12.00
# Visual Studio Version 17
VisualStudioVersion = 17.5.33502.453
MinimumVisualStudioVersion = 10.0.40219.1
Project("{9A19103F-16F7-4668-BE54-9A1E7A4F7556}") = "prjAJAXDemo", "prjAJAXDemo\prjAJAXDemo.csproj", "{70ED4BC4-001E-4546-BC71-6795F2137DEA}"
EndProject
Global
	GlobalSection(SolutionConfigurationPlatforms) = preSolution
		Debug|Any CPU = Debug|Any CPU
		Release|Any CPU = Release|Any CPU
	EndGlobalSection
	GlobalSection(ProjectConfigurationPlatforms) = postSolution
		{70ED4BC4-001E-4546-BC71-6795F2137DEA}.Debug|Any CPU.ActiveCfg = Debug|Any CPU
		{70ED4BC4-001E-4546-BC71-6795F2137DEA}.Debug|Any CPU.Build.0 = Debug|Any CPU
		{70ED4BC4-001E-4546-BC71-6795F2137DEA}.Release|Any CPU.ActiveCfg = Release|Any CPU
		{70ED4BC4-001E-4546-BC71-6795F2137DEA}.Release|Any CPU.Build.0 = Release|Any CPU
	EndGlobalSection
	GlobalSection(SolutionProperties) = preSolution
		HideSolutionNode = FALSE
	EndGlobalSection
	GlobalSection(ExtensibilityGlobals) = postSolution
		SolutionGuid = {B28125F8-5493-4612-BB78-ADFE30E5F919}
	EndGlobalSection
EndGlobal
